
Microsoft Visual Studio Solution File, Format Version 12.00
# Visual Studio 15
VisualStudioVersion = 15.0.27004.2005
MinimumVisualStudioVersion = 10.0.40219.1
Project("{FAE04EC0-301F-11D3-BF4B-00C04F79EFBC}") = "EasyHookLib", "EasyHookLib\EasyHookLib.csproj", "{82522038-B49F-4330-AA00-B795A6B5BC76}"
EndProject
Project("{FAE04EC0-301F-11D3-BF4B-00C04F79EFBC}") = "CreateFileHookLib", "CreateFileHookLib\CreateFileHookLib.csproj", "{CA462E5D-8A32-42EA-9DBD-C256D22FDA21}"
EndProject
Project("{FAE04EC0-301F-11D3-BF4B-00C04F79EFBC}") = "CreateProcessHookALib", "CreateProcessAHookLib\CreateProcessHookALib.csproj", "{3FF8C3EC-E50B-425B-BBDF-44C0E51801BD}"
EndProject
Project("{FAE04EC0-301F-11D3-BF4B-00C04F79EFBC}") = "CreateProcessHookWLib", "CreateProcessWHookLib\CreateProcessHookWLib.csproj", "{B6DD82C2-A51A-4AB6-8273-1D717416FDCA}"
EndProject
Project("{FAE04EC0-301F-11D3-BF4B-00C04F79EFBC}") = "CreateProcessHookLib", "CreateProcessHookLib\CreateProcessHookLib.csproj", "{10C0B98B-C1AE-4598-8AC1-FDD97C07D002}"
EndProject
Project("{FAE04EC0-301F-11D3-BF4B-00C04F79EFBC}") = "HookCreateFileW", "HookCreateFileW\HookCreateFileW.csproj", "{B500A4BA-ABFD-4DCE-A66B-20150D21E3E9}"
EndProject
Project("{2150E333-8FDC-42A3-9474-1A3956D46DE8}") = "Libraries", "Libraries", "{15309F18-00B6-4478-9547-EE0FDBA73DE4}"
EndProject
Project("{2150E333-8FDC-42A3-9474-1A3956D46DE8}") = "Examples", "Examples", "{3DC84780-DC07-4B1B-A178-2F865DE58D70}"
EndProject
Project("{FAE04EC0-301F-11D3-BF4B-00C04F79EFBC}") = "HookCreateProcessA", "HookCreateProcessA\HookCreateProcessA.csproj", "{373FA259-572F-4AF8-A5D8-0A2831376B8B}"
EndProject
Project("{FAE04EC0-301F-11D3-BF4B-00C04F79EFBC}") = "HookCreateProcessW", "HookCreateProcessW\HookCreateProcessW.csproj", "{C1AA1F89-9FC5-47B8-8DDB-5D4BE2F9F6B5}"
EndProject
Global
	GlobalSection(SolutionConfigurationPlatforms) = preSolution
		Debug|Any CPU = Debug|Any CPU
		Debug|x86 = Debug|x86
		netfx2.0-Debug|Any CPU = netfx2.0-Debug|Any CPU
		netfx2.0-Debug|x86 = netfx2.0-Debug|x86
		netfx3.5-Debug|Any CPU = netfx3.5-Debug|Any CPU
		netfx3.5-Debug|x86 = netfx3.5-Debug|x86
		netfx3.5-Release|Any CPU = netfx3.5-Release|Any CPU
		netfx3.5-Release|x86 = netfx3.5-Release|x86
		netfx4-Debug|Any CPU = netfx4-Debug|Any CPU
		netfx4-Debug|x86 = netfx4-Debug|x86
		netfx4-Release|Any CPU = netfx4-Release|Any CPU
		netfx4-Release|x86 = netfx4-Release|x86
		Release|Any CPU = Release|Any CPU
		Release|x86 = Release|x86
	EndGlobalSection
	GlobalSection(ProjectConfigurationPlatforms) = postSolution
		{82522038-B49F-4330-AA00-B795A6B5BC76}.Debug|Any CPU.ActiveCfg = Debug|Any CPU
		{82522038-B49F-4330-AA00-B795A6B5BC76}.Debug|Any CPU.Build.0 = Debug|Any CPU
		{82522038-B49F-4330-AA00-B795A6B5BC76}.Debug|x86.ActiveCfg = Debug|Any CPU
		{82522038-B49F-4330-AA00-B795A6B5BC76}.Debug|x86.Build.0 = Debug|Any CPU
		{82522038-B49F-4330-AA00-B795A6B5BC76}.netfx2.0-Debug|Any CPU.ActiveCfg = Debug|Any CPU
		{82522038-B49F-4330-AA00-B795A6B5BC76}.netfx2.0-Debug|Any CPU.Build.0 = Debug|Any CPU
		{82522038-B49F-4330-AA00-B795A6B5BC76}.netfx2.0-Debug|x86.ActiveCfg = Debug|Any CPU
		{82522038-B49F-4330-AA00-B795A6B5BC76}.netfx2.0-Debug|x86.Build.0 = Debug|Any CPU
		{82522038-B49F-4330-AA00-B795A6B5BC76}.netfx3.5-Debug|Any CPU.ActiveCfg = Debug|Any CPU
		{82522038-B49F-4330-AA00-B795A6B5BC76}.netfx3.5-Debug|Any CPU.Build.0 = Debug|Any CPU
		{82522038-B49F-4330-AA00-B795A6B5BC76}.netfx3.5-Debug|x86.ActiveCfg = Debug|Any CPU
		{82522038-B49F-4330-AA00-B795A6B5BC76}.netfx3.5-Debug|x86.Build.0 = Debug|Any CPU
		{82522038-B49F-4330-AA00-B795A6B5BC76}.netfx3.5-Release|Any CPU.ActiveCfg = Release|Any CPU
		{82522038-B49F-4330-AA00-B795A6B5BC76}.netfx3.5-Release|Any CPU.Build.0 = Release|Any CPU
		{82522038-B49F-4330-AA00-B795A6B5BC76}.netfx3.5-Release|x86.ActiveCfg = Release|Any CPU
		{82522038-B49F-4330-AA00-B795A6B5BC76}.netfx3.5-Release|x86.Build.0 = Release|Any CPU
		{82522038-B49F-4330-AA00-B795A6B5BC76}.netfx4-Debug|Any CPU.ActiveCfg = Debug|Any CPU
		{82522038-B49F-4330-AA00-B795A6B5BC76}.netfx4-Debug|Any CPU.Build.0 = Debug|Any CPU
		{82522038-B49F-4330-AA00-B795A6B5BC76}.netfx4-Debug|x86.ActiveCfg = Debug|Any CPU
		{82522038-B49F-4330-AA00-B795A6B5BC76}.netfx4-Debug|x86.Build.0 = Debug|Any CPU
		{82522038-B49F-4330-AA00-B795A6B5BC76}.netfx4-Release|Any CPU.ActiveCfg = Release|Any CPU
		{82522038-B49F-4330-AA00-B795A6B5BC76}.netfx4-Release|Any CPU.Build.0 = Release|Any CPU
		{82522038-B49F-4330-AA00-B795A6B5BC76}.netfx4-Release|x86.ActiveCfg = Release|Any CPU
		{82522038-B49F-4330-AA00-B795A6B5BC76}.netfx4-Release|x86.Build.0 = Release|Any CPU
		{82522038-B49F-4330-AA00-B795A6B5BC76}.Release|Any CPU.ActiveCfg = Release|Any CPU
		{82522038-B49F-4330-AA00-B795A6B5BC76}.Release|Any CPU.Build.0 = Release|Any CPU
		{82522038-B49F-4330-AA00-B795A6B5BC76}.Release|x86.ActiveCfg = Release|Any CPU
		{82522038-B49F-4330-AA00-B795A6B5BC76}.Release|x86.Build.0 = Release|Any CPU
		{CA462E5D-8A32-42EA-9DBD-C256D22FDA21}.Debug|Any CPU.ActiveCfg = Debug|Any CPU
		{CA462E5D-8A32-42EA-9DBD-C256D22FDA21}.Debug|Any CPU.Build.0 = Debug|Any CPU
		{CA462E5D-8A32-42EA-9DBD-C256D22FDA21}.Debug|x86.ActiveCfg = Debug|Any CPU
		{CA462E5D-8A32-42EA-9DBD-C256D22FDA21}.Debug|x86.Build.0 = Debug|Any CPU
		{CA462E5D-8A32-42EA-9DBD-C256D22FDA21}.netfx2.0-Debug|Any CPU.ActiveCfg = Debug|Any CPU
		{CA462E5D-8A32-42EA-9DBD-C256D22FDA21}.netfx2.0-Debug|Any CPU.Build.0 = Debug|Any CPU
		{CA462E5D-8A32-42EA-9DBD-C256D22FDA21}.netfx2.0-Debug|x86.ActiveCfg = Debug|Any CPU
		{CA462E5D-8A32-42EA-9DBD-C256D22FDA21}.netfx2.0-Debug|x86.Build.0 = Debug|Any CPU
		{CA462E5D-8A32-42EA-9DBD-C256D22FDA21}.netfx3.5-Debug|Any CPU.ActiveCfg = Debug|Any CPU
		{CA462E5D-8A32-42EA-9DBD-C256D22FDA21}.netfx3.5-Debug|Any CPU.Build.0 = Debug|Any CPU
		{CA462E5D-8A32-42EA-9DBD-C256D22FDA21}.netfx3.5-Debug|x86.ActiveCfg = Debug|Any CPU
		{CA462E5D-8A32-42EA-9DBD-C256D22FDA21}.netfx3.5-Debug|x86.Build.0 = Debug|Any CPU
		{CA462E5D-8A32-42EA-9DBD-C256D22FDA21}.netfx3.5-Release|Any CPU.ActiveCfg = Release|Any CPU
		{CA462E5D-8A32-42EA-9DBD-C256D22FDA21}.netfx3.5-Release|Any CPU.Build.0 = Release|Any CPU
		{CA462E5D-8A32-42EA-9DBD-C256D22FDA21}.netfx3.5-Release|x86.ActiveCfg = Release|Any CPU
		{CA462E5D-8A32-42EA-9DBD-C256D22FDA21}.netfx3.5-Release|x86.Build.0 = Release|Any CPU
		{CA462E5D-8A32-42EA-9DBD-C256D22FDA21}.netfx4-Debug|Any CPU.ActiveCfg = Debug|Any CPU
		{CA462E5D-8A32-42EA-9DBD-C256D22FDA21}.netfx4-Debug|Any CPU.Build.0 = Debug|Any CPU
		{CA462E5D-8A32-42EA-9DBD-C256D22FDA21}.netfx4-Debug|x86.ActiveCfg = Debug|Any CPU
		{CA462E5D-8A32-42EA-9DBD-C256D22FDA21}.netfx4-Debug|x86.Build.0 = Debug|Any CPU
		{CA462E5D-8A32-42EA-9DBD-C256D22FDA21}.netfx4-Release|Any CPU.ActiveCfg = Release|Any CPU
		{CA462E5D-8A32-42EA-9DBD-C256D22FDA21}.netfx4-Release|Any CPU.Build.0 = Release|Any CPU
		{CA462E5D-8A32-42EA-9DBD-C256D22FDA21}.netfx4-Release|x86.ActiveCfg = Release|Any CPU
		{CA462E5D-8A32-42EA-9DBD-C256D22FDA21}.netfx4-Release|x86.Build.0 = Release|Any CPU
		{CA462E5D-8A32-42EA-9DBD-C256D22FDA21}.Release|Any CPU.ActiveCfg = Release|Any CPU
		{CA462E5D-8A32-42EA-9DBD-C256D22FDA21}.Release|Any CPU.Build.0 = Release|Any CPU
		{CA462E5D-8A32-42EA-9DBD-C256D22FDA21}.Release|x86.ActiveCfg = Release|Any CPU
		{CA462E5D-8A32-42EA-9DBD-C256D22FDA21}.Release|x86.Build.0 = Release|Any CPU
		{3FF8C3EC-E50B-425B-BBDF-44C0E51801BD}.Debug|Any CPU.ActiveCfg = Debug|Any CPU
		{3FF8C3EC-E50B-425B-BBDF-44C0E51801BD}.Debug|Any CPU.Build.0 = Debug|Any CPU
		{3FF8C3EC-E50B-425B-BBDF-44C0E51801BD}.Debug|x86.ActiveCfg = Debug|Any CPU
		{3FF8C3EC-E50B-425B-BBDF-44C0E51801BD}.Debug|x86.Build.0 = Debug|Any CPU
		{3FF8C3EC-E50B-425B-BBDF-44C0E51801BD}.netfx2.0-Debug|Any CPU.ActiveCfg = Debug|Any CPU
		{3FF8C3EC-E50B-425B-BBDF-44C0E51801BD}.netfx2.0-Debug|Any CPU.Build.0 = Debug|Any CPU
		{3FF8C3EC-E50B-425B-BBDF-44C0E51801BD}.netfx2.0-Debug|x86.ActiveCfg = Debug|Any CPU
		{3FF8C3EC-E50B-425B-BBDF-44C0E51801BD}.netfx2.0-Debug|x86.Build.0 = Debug|Any CPU
		{3FF8C3EC-E50B-425B-BBDF-44C0E51801BD}.netfx3.5-Debug|Any CPU.ActiveCfg = Debug|Any CPU
		{3FF8C3EC-E50B-425B-BBDF-44C0E51801BD}.netfx3.5-Debug|Any CPU.Build.0 = Debug|Any CPU
		{3FF8C3EC-E50B-425B-BBDF-44C0E51801BD}.netfx3.5-Debug|x86.ActiveCfg = Debug|Any CPU
		{3FF8C3EC-E50B-425B-BBDF-44C0E51801BD}.netfx3.5-Debug|x86.Build.0 = Debug|Any CPU
		{3FF8C3EC-E50B-425B-BBDF-44C0E51801BD}.netfx3.5-Release|Any CPU.ActiveCfg = Release|Any CPU
		{3FF8C3EC-E50B-425B-BBDF-44C0E51801BD}.netfx3.5-Release|Any CPU.Build.0 = Release|Any CPU
		{3FF8C3EC-E50B-425B-BBDF-44C0E51801BD}.netfx3.5-Release|x86.ActiveCfg = Release|Any CPU
		{3FF8C3EC-E50B-425B-BBDF-44C0E51801BD}.netfx3.5-Release|x86.Build.0 = Release|Any CPU
		{3FF8C3EC-E50B-425B-BBDF-44C0E51801BD}.netfx4-Debug|Any CPU.ActiveCfg = Debug|Any CPU
		{3FF8C3EC-E50B-425B-BBDF-44C0E51801BD}.netfx4-Debug|Any CPU.Build.0 = Debug|Any CPU
		{3FF8C3EC-E50B-425B-BBDF-44C0E51801BD}.netfx4-Debug|x86.ActiveCfg = Debug|Any CPU
		{3FF8C3EC-E50B-425B-BBDF-44C0E51801BD}.netfx4-Debug|x86.Build.0 = Debug|Any CPU
		{3FF8C3EC-E50B-425B-BBDF-44C0E51801BD}.netfx4-Release|Any CPU.ActiveCfg = Release|Any CPU
		{3FF8C3EC-E50B-425B-BBDF-44C0E51801BD}.netfx4-Release|Any CPU.Build.0 = Release|Any CPU
		{3FF8C3EC-E50B-425B-BBDF-44C0E51801BD}.netfx4-Release|x86.ActiveCfg = Release|Any CPU
		{3FF8C3EC-E50B-425B-BBDF-44C0E51801BD}.netfx4-Release|x86.Build.0 = Release|Any CPU
		{3FF8C3EC-E50B-425B-BBDF-44C0E51801BD}.Release|Any CPU.ActiveCfg = Release|Any CPU
		{3FF8C3EC-E50B-425B-BBDF-44C0E51801BD}.Release|Any CPU.Build.0 = Release|Any CPU
		{3FF8C3EC-E50B-425B-BBDF-44C0E51801BD}.Release|x86.ActiveCfg = Release|Any CPU
		{3FF8C3EC-E50B-425B-BBDF-44C0E51801BD}.Release|x86.Build.0 = Release|Any CPU
		{B6DD82C2-A51A-4AB6-8273-1D717416FDCA}.Debug|Any CPU.ActiveCfg = Debug|Any CPU
		{B6DD82C2-A51A-4AB6-8273-1D717416FDCA}.Debug|Any CPU.Build.0 = Debug|Any CPU
		{B6DD82C2-A51A-4AB6-8273-1D717416FDCA}.Debug|x86.ActiveCfg = Debug|Any CPU
		{B6DD82C2-A51A-4AB6-8273-1D717416FDCA}.Debug|x86.Build.0 = Debug|Any CPU
		{B6DD82C2-A51A-4AB6-8273-1D717416FDCA}.netfx2.0-Debug|Any CPU.ActiveCfg = Debug|Any CPU
		{B6DD82C2-A51A-4AB6-8273-1D717416FDCA}.netfx2.0-Debug|Any CPU.Build.0 = Debug|Any CPU
		{B6DD82C2-A51A-4AB6-8273-1D717416FDCA}.netfx2.0-Debug|x86.ActiveCfg = Debug|Any CPU
		{B6DD82C2-A51A-4AB6-8273-1D717416FDCA}.netfx2.0-Debug|x86.Build.0 = Debug|Any CPU
		{B6DD82C2-A51A-4AB6-8273-1D717416FDCA}.netfx3.5-Debug|Any CPU.ActiveCfg = Debug|Any CPU
		{B6DD82C2-A51A-4AB6-8273-1D717416FDCA}.netfx3.5-Debug|Any CPU.Build.0 = Debug|Any CPU
		{B6DD82C2-A51A-4AB6-8273-1D717416FDCA}.netfx3.5-Debug|x86.ActiveCfg = Debug|Any CPU
		{B6DD82C2-A51A-4AB6-8273-1D717416FDCA}.netfx3.5-Debug|x86.Build.0 = Debug|Any CPU
		{B6DD82C2-A51A-4AB6-8273-1D717416FDCA}.netfx3.5-Release|Any CPU.ActiveCfg = Release|Any CPU
		{B6DD82C2-A51A-4AB6-8273-1D717416FDCA}.netfx3.5-Release|Any CPU.Build.0 = Release|Any CPU
		{B6DD82C2-A51A-4AB6-8273-1D717416FDCA}.netfx3.5-Release|x86.ActiveCfg = Release|Any CPU
		{B6DD82C2-A51A-4AB6-8273-1D717416FDCA}.netfx3.5-Release|x86.Build.0 = Release|Any CPU
		{B6DD82C2-A51A-4AB6-8273-1D717416FDCA}.netfx4-Debug|Any CPU.ActiveCfg = Debug|Any CPU
		{B6DD82C2-A51A-4AB6-8273-1D717416FDCA}.netfx4-Debug|Any CPU.Build.0 = Debug|Any CPU
		{B6DD82C2-A51A-4AB6-8273-1D717416FDCA}.netfx4-Debug|x86.ActiveCfg = Debug|Any CPU
		{B6DD82C2-A51A-4AB6-8273-1D717416FDCA}.netfx4-Debug|x86.Build.0 = Debug|Any CPU
		{B6DD82C2-A51A-4AB6-8273-1D717416FDCA}.netfx4-Release|Any CPU.ActiveCfg = Release|Any CPU
		{B6DD82C2-A51A-4AB6-8273-1D717416FDCA}.netfx4-Release|Any CPU.Build.0 = Release|Any CPU
		{B6DD82C2-A51A-4AB6-8273-1D717416FDCA}.netfx4-Release|x86.ActiveCfg = Release|Any CPU
		{B6DD82C2-A51A-4AB6-8273-1D717416FDCA}.netfx4-Release|x86.Build.0 = Release|Any CPU
		{B6DD82C2-A51A-4AB6-8273-1D717416FDCA}.Release|Any CPU.ActiveCfg = Release|Any CPU
		{B6DD82C2-A51A-4AB6-8273-1D717416FDCA}.Release|Any CPU.Build.0 = Release|Any CPU
		{B6DD82C2-A51A-4AB6-8273-1D717416FDCA}.Release|x86.ActiveCfg = Release|Any CPU
		{B6DD82C2-A51A-4AB6-8273-1D717416FDCA}.Release|x86.Build.0 = Release|Any CPU
		{10C0B98B-C1AE-4598-8AC1-FDD97C07D002}.Debug|Any CPU.ActiveCfg = Debug|Any CPU
		{10C0B98B-C1AE-4598-8AC1-FDD97C07D002}.Debug|Any CPU.Build.0 = Debug|Any CPU
		{10C0B98B-C1AE-4598-8AC1-FDD97C07D002}.Debug|x86.ActiveCfg = Debug|Any CPU
		{10C0B98B-C1AE-4598-8AC1-FDD97C07D002}.Debug|x86.Build.0 = Debug|Any CPU
		{10C0B98B-C1AE-4598-8AC1-FDD97C07D002}.netfx2.0-Debug|Any CPU.ActiveCfg = Debug|Any CPU
		{10C0B98B-C1AE-4598-8AC1-FDD97C07D002}.netfx2.0-Debug|Any CPU.Build.0 = Debug|Any CPU
		{10C0B98B-C1AE-4598-8AC1-FDD97C07D002}.netfx2.0-Debug|x86.ActiveCfg = Debug|Any CPU
		{10C0B98B-C1AE-4598-8AC1-FDD97C07D002}.netfx2.0-Debug|x86.Build.0 = Debug|Any CPU
		{10C0B98B-C1AE-4598-8AC1-FDD97C07D002}.netfx3.5-Debug|Any CPU.ActiveCfg = Debug|Any CPU
		{10C0B98B-C1AE-4598-8AC1-FDD97C07D002}.netfx3.5-Debug|Any CPU.Build.0 = Debug|Any CPU
		{10C0B98B-C1AE-4598-8AC1-FDD97C07D002}.netfx3.5-Debug|x86.ActiveCfg = Debug|Any CPU
		{10C0B98B-C1AE-4598-8AC1-FDD97C07D002}.netfx3.5-Debug|x86.Build.0 = Debug|Any CPU
		{10C0B98B-C1AE-4598-8AC1-FDD97C07D002}.netfx3.5-Release|Any CPU.ActiveCfg = Release|Any CPU
		{10C0B98B-C1AE-4598-8AC1-FDD97C07D002}.netfx3.5-Release|Any CPU.Build.0 = Release|Any CPU
		{10C0B98B-C1AE-4598-8AC1-FDD97C07D002}.netfx3.5-Release|x86.ActiveCfg = Release|Any CPU
		{10C0B98B-C1AE-4598-8AC1-FDD97C07D002}.netfx3.5-Release|x86.Build.0 = Release|Any CPU
		{10C0B98B-C1AE-4598-8AC1-FDD97C07D002}.netfx4-Debug|Any CPU.ActiveCfg = Debug|Any CPU
		{10C0B98B-C1AE-4598-8AC1-FDD97C07D002}.netfx4-Debug|Any CPU.Build.0 = Debug|Any CPU
		{10C0B98B-C1AE-4598-8AC1-FDD97C07D002}.netfx4-Debug|x86.ActiveCfg = Debug|Any CPU
		{10C0B98B-C1AE-4598-8AC1-FDD97C07D002}.netfx4-Debug|x86.Build.0 = Debug|Any CPU
		{10C0B98B-C1AE-4598-8AC1-FDD97C07D002}.netfx4-Release|Any CPU.ActiveCfg = Release|Any CPU
		{10C0B98B-C1AE-4598-8AC1-FDD97C07D002}.netfx4-Release|Any CPU.Build.0 = Release|Any CPU
		{10C0B98B-C1AE-4598-8AC1-FDD97C07D002}.netfx4-Release|x86.ActiveCfg = Release|Any CPU
		{10C0B98B-C1AE-4598-8AC1-FDD97C07D002}.netfx4-Release|x86.Build.0 = Release|Any CPU
		{10C0B98B-C1AE-4598-8AC1-FDD97C07D002}.Release|Any CPU.ActiveCfg = Release|Any CPU
		{10C0B98B-C1AE-4598-8AC1-FDD97C07D002}.Release|Any CPU.Build.0 = Release|Any CPU
		{10C0B98B-C1AE-4598-8AC1-FDD97C07D002}.Release|x86.ActiveCfg = Release|Any CPU
		{10C0B98B-C1AE-4598-8AC1-FDD97C07D002}.Release|x86.Build.0 = Release|Any CPU
		{B500A4BA-ABFD-4DCE-A66B-20150D21E3E9}.Debug|Any CPU.ActiveCfg = Debug|Any CPU
		{B500A4BA-ABFD-4DCE-A66B-20150D21E3E9}.Debug|Any CPU.Build.0 = Debug|Any CPU
		{B500A4BA-ABFD-4DCE-A66B-20150D21E3E9}.Debug|x86.ActiveCfg = Debug|Any CPU
		{B500A4BA-ABFD-4DCE-A66B-20150D21E3E9}.Debug|x86.Build.0 = Debug|Any CPU
		{B500A4BA-ABFD-4DCE-A66B-20150D21E3E9}.netfx2.0-Debug|Any CPU.ActiveCfg = Debug|Any CPU
		{B500A4BA-ABFD-4DCE-A66B-20150D21E3E9}.netfx2.0-Debug|Any CPU.Build.0 = Debug|Any CPU
		{B500A4BA-ABFD-4DCE-A66B-20150D21E3E9}.netfx2.0-Debug|x86.ActiveCfg = Debug|Any CPU
		{B500A4BA-ABFD-4DCE-A66B-20150D21E3E9}.netfx2.0-Debug|x86.Build.0 = Debug|Any CPU
		{B500A4BA-ABFD-4DCE-A66B-20150D21E3E9}.netfx3.5-Debug|Any CPU.ActiveCfg = Debug|Any CPU
		{B500A4BA-ABFD-4DCE-A66B-20150D21E3E9}.netfx3.5-Debug|Any CPU.Build.0 = Debug|Any CPU
		{B500A4BA-ABFD-4DCE-A66B-20150D21E3E9}.netfx3.5-Debug|x86.ActiveCfg = Debug|Any CPU
		{B500A4BA-ABFD-4DCE-A66B-20150D21E3E9}.netfx3.5-Debug|x86.Build.0 = Debug|Any CPU
		{B500A4BA-ABFD-4DCE-A66B-20150D21E3E9}.netfx3.5-Release|Any CPU.ActiveCfg = Release|Any CPU
		{B500A4BA-ABFD-4DCE-A66B-20150D21E3E9}.netfx3.5-Release|Any CPU.Build.0 = Release|Any CPU
		{B500A4BA-ABFD-4DCE-A66B-20150D21E3E9}.netfx3.5-Release|x86.ActiveCfg = Release|Any CPU
		{B500A4BA-ABFD-4DCE-A66B-20150D21E3E9}.netfx3.5-Release|x86.Build.0 = Release|Any CPU
		{B500A4BA-ABFD-4DCE-A66B-20150D21E3E9}.netfx4-Debug|Any CPU.ActiveCfg = Debug|Any CPU
		{B500A4BA-ABFD-4DCE-A66B-20150D21E3E9}.netfx4-Debug|Any CPU.Build.0 = Debug|Any CPU
		{B500A4BA-ABFD-4DCE-A66B-20150D21E3E9}.netfx4-Debug|x86.ActiveCfg = Debug|Any CPU
		{B500A4BA-ABFD-4DCE-A66B-20150D21E3E9}.netfx4-Debug|x86.Build.0 = Debug|Any CPU
		{B500A4BA-ABFD-4DCE-A66B-20150D21E3E9}.netfx4-Release|Any CPU.ActiveCfg = Release|Any CPU
		{B500A4BA-ABFD-4DCE-A66B-20150D21E3E9}.netfx4-Release|Any CPU.Build.0 = Release|Any CPU
		{B500A4BA-ABFD-4DCE-A66B-20150D21E3E9}.netfx4-Release|x86.ActiveCfg = Release|Any CPU
		{B500A4BA-ABFD-4DCE-A66B-20150D21E3E9}.netfx4-Release|x86.Build.0 = Release|Any CPU
		{B500A4BA-ABFD-4DCE-A66B-20150D21E3E9}.Release|Any CPU.ActiveCfg = Release|Any CPU
		{B500A4BA-ABFD-4DCE-A66B-20150D21E3E9}.Release|Any CPU.Build.0 = Release|Any CPU
		{B500A4BA-ABFD-4DCE-A66B-20150D21E3E9}.Release|x86.ActiveCfg = Release|Any CPU
		{B500A4BA-ABFD-4DCE-A66B-20150D21E3E9}.Release|x86.Build.0 = Release|Any CPU
		{373FA259-572F-4AF8-A5D8-0A2831376B8B}.Debug|Any CPU.ActiveCfg = Debug|Any CPU
		{373FA259-572F-4AF8-A5D8-0A2831376B8B}.Debug|Any CPU.Build.0 = Debug|Any CPU
		{373FA259-572F-4AF8-A5D8-0A2831376B8B}.Debug|x86.ActiveCfg = Debug|Any CPU
		{373FA259-572F-4AF8-A5D8-0A2831376B8B}.Debug|x86.Build.0 = Debug|Any CPU
		{373FA259-572F-4AF8-A5D8-0A2831376B8B}.netfx2.0-Debug|Any CPU.ActiveCfg = Debug|Any CPU
		{373FA259-572F-4AF8-A5D8-0A2831376B8B}.netfx2.0-Debug|Any CPU.Build.0 = Debug|Any CPU
		{373FA259-572F-4AF8-A5D8-0A2831376B8B}.netfx2.0-Debug|x86.ActiveCfg = Debug|Any CPU
		{373FA259-572F-4AF8-A5D8-0A2831376B8B}.netfx2.0-Debug|x86.Build.0 = Debug|Any CPU
		{373FA259-572F-4AF8-A5D8-0A2831376B8B}.netfx3.5-Debug|Any CPU.ActiveCfg = Debug|Any CPU
		{373FA259-572F-4AF8-A5D8-0A2831376B8B}.netfx3.5-Debug|Any CPU.Build.0 = Debug|Any CPU
		{373FA259-572F-4AF8-A5D8-0A2831376B8B}.netfx3.5-Debug|x86.ActiveCfg = Debug|Any CPU
		{373FA259-572F-4AF8-A5D8-0A2831376B8B}.netfx3.5-Debug|x86.Build.0 = Debug|Any CPU
		{373FA259-572F-4AF8-A5D8-0A2831376B8B}.netfx3.5-Release|Any CPU.ActiveCfg = Release|Any CPU
		{373FA259-572F-4AF8-A5D8-0A2831376B8B}.netfx3.5-Release|Any CPU.Build.0 = Release|Any CPU
		{373FA259-572F-4AF8-A5D8-0A2831376B8B}.netfx3.5-Release|x86.ActiveCfg = Release|Any CPU
		{373FA259-572F-4AF8-A5D8-0A2831376B8B}.netfx3.5-Release|x86.Build.0 = Release|Any CPU
		{373FA259-572F-4AF8-A5D8-0A2831376B8B}.netfx4-Debug|Any CPU.ActiveCfg = Debug|Any CPU
		{373FA259-572F-4AF8-A5D8-0A2831376B8B}.netfx4-Debug|Any CPU.Build.0 = Debug|Any CPU
		{373FA259-572F-4AF8-A5D8-0A2831376B8B}.netfx4-Debug|x86.ActiveCfg = Debug|Any CPU
		{373FA259-572F-4AF8-A5D8-0A2831376B8B}.netfx4-Debug|x86.Build.0 = Debug|Any CPU
		{373FA259-572F-4AF8-A5D8-0A2831376B8B}.netfx4-Release|Any CPU.ActiveCfg = Release|Any CPU
		{373FA259-572F-4AF8-A5D8-0A2831376B8B}.netfx4-Release|Any CPU.Build.0 = Release|Any CPU
		{373FA259-572F-4AF8-A5D8-0A2831376B8B}.netfx4-Release|x86.ActiveCfg = Release|Any CPU
		{373FA259-572F-4AF8-A5D8-0A2831376B8B}.netfx4-Release|x86.Build.0 = Release|Any CPU
		{373FA259-572F-4AF8-A5D8-0A2831376B8B}.Release|Any CPU.ActiveCfg = Release|Any CPU
		{373FA259-572F-4AF8-A5D8-0A2831376B8B}.Release|Any CPU.Build.0 = Release|Any CPU
		{373FA259-572F-4AF8-A5D8-0A2831376B8B}.Release|x86.ActiveCfg = Release|Any CPU
		{373FA259-572F-4AF8-A5D8-0A2831376B8B}.Release|x86.Build.0 = Release|Any CPU
		{C1AA1F89-9FC5-47B8-8DDB-5D4BE2F9F6B5}.Debug|Any CPU.ActiveCfg = Debug|Any CPU
		{C1AA1F89-9FC5-47B8-8DDB-5D4BE2F9F6B5}.Debug|Any CPU.Build.0 = Debug|Any CPU
		{C1AA1F89-9FC5-47B8-8DDB-5D4BE2F9F6B5}.Debug|x86.ActiveCfg = Debug|Any CPU
		{C1AA1F89-9FC5-47B8-8DDB-5D4BE2F9F6B5}.Debug|x86.Build.0 = Debug|Any CPU
		{C1AA1F89-9FC5-47B8-8DDB-5D4BE2F9F6B5}.netfx2.0-Debug|Any CPU.ActiveCfg = Debug|Any CPU
		{C1AA1F89-9FC5-47B8-8DDB-5D4BE2F9F6B5}.netfx2.0-Debug|Any CPU.Build.0 = Debug|Any CPU
		{C1AA1F89-9FC5-47B8-8DDB-5D4BE2F9F6B5}.netfx2.0-Debug|x86.ActiveCfg = Debug|Any CPU
		{C1AA1F89-9FC5-47B8-8DDB-5D4BE2F9F6B5}.netfx2.0-Debug|x86.Build.0 = Debug|Any CPU
		{C1AA1F89-9FC5-47B8-8DDB-5D4BE2F9F6B5}.netfx3.5-Debug|Any CPU.ActiveCfg = Debug|Any CPU
		{C1AA1F89-9FC5-47B8-8DDB-5D4BE2F9F6B5}.netfx3.5-Debug|Any CPU.Build.0 = Debug|Any CPU
		{C1AA1F89-9FC5-47B8-8DDB-5D4BE2F9F6B5}.netfx3.5-Debug|x86.ActiveCfg = Debug|Any CPU
		{C1AA1F89-9FC5-47B8-8DDB-5D4BE2F9F6B5}.netfx3.5-Debug|x86.Build.0 = Debug|Any CPU
		{C1AA1F89-9FC5-47B8-8DDB-5D4BE2F9F6B5}.netfx3.5-Release|Any CPU.ActiveCfg = Release|Any CPU
		{C1AA1F89-9FC5-47B8-8DDB-5D4BE2F9F6B5}.netfx3.5-Release|Any CPU.Build.0 = Release|Any CPU
		{C1AA1F89-9FC5-47B8-8DDB-5D4BE2F9F6B5}.netfx3.5-Release|x86.ActiveCfg = Release|Any CPU
		{C1AA1F89-9FC5-47B8-8DDB-5D4BE2F9F6B5}.netfx3.5-Release|x86.Build.0 = Release|Any CPU
		{C1AA1F89-9FC5-47B8-8DDB-5D4BE2F9F6B5}.netfx4-Debug|Any CPU.ActiveCfg = Debug|Any CPU
		{C1AA1F89-9FC5-47B8-8DDB-5D4BE2F9F6B5}.netfx4-Debug|Any CPU.Build.0 = Debug|Any CPU
		{C1AA1F89-9FC5-47B8-8DDB-5D4BE2F9F6B5}.netfx4-Debug|x86.ActiveCfg = Debug|Any CPU
		{C1AA1F89-9FC5-47B8-8DDB-5D4BE2F9F6B5}.netfx4-Debug|x86.Build.0 = Debug|Any CPU
		{C1AA1F89-9FC5-47B8-8DDB-5D4BE2F9F6B5}.netfx4-Release|Any CPU.ActiveCfg = Release|Any CPU
		{C1AA1F89-9FC5-47B8-8DDB-5D4BE2F9F6B5}.netfx4-Release|Any CPU.Build.0 = Release|Any CPU
		{C1AA1F89-9FC5-47B8-8DDB-5D4BE2F9F6B5}.netfx4-Release|x86.ActiveCfg = Release|Any CPU
		{C1AA1F89-9FC5-47B8-8DDB-5D4BE2F9F6B5}.netfx4-Release|x86.Build.0 = Release|Any CPU
		{C1AA1F89-9FC5-47B8-8DDB-5D4BE2F9F6B5}.Release|Any CPU.ActiveCfg = Release|Any CPU
		{C1AA1F89-9FC5-47B8-8DDB-5D4BE2F9F6B5}.Release|Any CPU.Build.0 = Release|Any CPU
		{C1AA1F89-9FC5-47B8-8DDB-5D4BE2F9F6B5}.Release|x86.ActiveCfg = Release|Any CPU
		{C1AA1F89-9FC5-47B8-8DDB-5D4BE2F9F6B5}.Release|x86.Build.0 = Release|Any CPU
	EndGlobalSection
	GlobalSection(SolutionProperties) = preSolution
		HideSolutionNode = FALSE
	EndGlobalSection
	GlobalSection(NestedProjects) = preSolution
		{82522038-B49F-4330-AA00-B795A6B5BC76} = {15309F18-00B6-4478-9547-EE0FDBA73DE4}
		{CA462E5D-8A32-42EA-9DBD-C256D22FDA21} = {15309F18-00B6-4478-9547-EE0FDBA73DE4}
		{3FF8C3EC-E50B-425B-BBDF-44C0E51801BD} = {15309F18-00B6-4478-9547-EE0FDBA73DE4}
		{B6DD82C2-A51A-4AB6-8273-1D717416FDCA} = {15309F18-00B6-4478-9547-EE0FDBA73DE4}
		{10C0B98B-C1AE-4598-8AC1-FDD97C07D002} = {15309F18-00B6-4478-9547-EE0FDBA73DE4}
		{B500A4BA-ABFD-4DCE-A66B-20150D21E3E9} = {3DC84780-DC07-4B1B-A178-2F865DE58D70}
		{373FA259-572F-4AF8-A5D8-0A2831376B8B} = {3DC84780-DC07-4B1B-A178-2F865DE58D70}
		{C1AA1F89-9FC5-47B8-8DDB-5D4BE2F9F6B5} = {3DC84780-DC07-4B1B-A178-2F865DE58D70}
	EndGlobalSection
	GlobalSection(ExtensibilityGlobals) = postSolution
		SolutionGuid = {5E924FA7-F122-40E7-9BEE-547574DB2237}
	EndGlobalSection
EndGlobal
