
Microsoft Visual Studio Solution File, Format Version 12.00
# Visual Studio 15
VisualStudioVersion = 15.0.27004.2005
MinimumVisualStudioVersion = 10.0.40219.1
Project("{FAE04EC0-301F-11D3-BF4B-00C04F79EFBC}") = "EasyHookLib", "EasyHookLib\EasyHookLib.csproj", "{82522038-B49F-4330-AA00-B795A6B5BC76}"
EndProject
Project("{FAE04EC0-301F-11D3-BF4B-00C04F79EFBC}") = "FileMonInject", "FileMonInject\FileMonInject.csproj", "{CA462E5D-8A32-42EA-9DBD-C256D22FDA21}"
EndProject
Project("{FAE04EC0-301F-11D3-BF4B-00C04F79EFBC}") = "FileMonitorController", "FileMonitorController\FileMonitorController.csproj", "{4C54DAC3-70F8-4274-BA67-4F7A0AAFD55D}"
EndProject
Project("{FAE04EC0-301F-11D3-BF4B-00C04F79EFBC}") = "FileMonitorInterceptor", "FileMonitorInterceptor\FileMonitorInterceptor.csproj", "{FD1A1951-1703-4646-BB8E-CFFCCFA98746}"
EndProject
Project("{FAE04EC0-301F-11D3-BF4B-00C04F79EFBC}") = "FileMonitorInterface", "FileMonitorInterface\FileMonitorInterface.csproj", "{C96FC756-0427-4968-8F73-3670C4AA1E52}"
EndProject
Project("{FAE04EC0-301F-11D3-BF4B-00C04F79EFBC}") = "FileMonitor", "FileMonitor\FileMonitor.csproj", "{0DC76691-F35C-4287-AD7A-AF058251DB34}"
EndProject
Global
	GlobalSection(SolutionConfigurationPlatforms) = preSolution
		Debug|Any CPU = Debug|Any CPU
		Release|Any CPU = Release|Any CPU
	EndGlobalSection
	GlobalSection(ProjectConfigurationPlatforms) = postSolution
		{82522038-B49F-4330-AA00-B795A6B5BC76}.Debug|Any CPU.ActiveCfg = Debug|Any CPU
		{82522038-B49F-4330-AA00-B795A6B5BC76}.Debug|Any CPU.Build.0 = Debug|Any CPU
		{82522038-B49F-4330-AA00-B795A6B5BC76}.Release|Any CPU.ActiveCfg = Release|Any CPU
		{82522038-B49F-4330-AA00-B795A6B5BC76}.Release|Any CPU.Build.0 = Release|Any CPU
		{CA462E5D-8A32-42EA-9DBD-C256D22FDA21}.Debug|Any CPU.ActiveCfg = Debug|Any CPU
		{CA462E5D-8A32-42EA-9DBD-C256D22FDA21}.Debug|Any CPU.Build.0 = Debug|Any CPU
		{CA462E5D-8A32-42EA-9DBD-C256D22FDA21}.Release|Any CPU.ActiveCfg = Release|Any CPU
		{CA462E5D-8A32-42EA-9DBD-C256D22FDA21}.Release|Any CPU.Build.0 = Release|Any CPU
		{4C54DAC3-70F8-4274-BA67-4F7A0AAFD55D}.Debug|Any CPU.ActiveCfg = Debug|Any CPU
		{4C54DAC3-70F8-4274-BA67-4F7A0AAFD55D}.Debug|Any CPU.Build.0 = Debug|Any CPU
		{4C54DAC3-70F8-4274-BA67-4F7A0AAFD55D}.Release|Any CPU.ActiveCfg = Release|Any CPU
		{4C54DAC3-70F8-4274-BA67-4F7A0AAFD55D}.Release|Any CPU.Build.0 = Release|Any CPU
		{FD1A1951-1703-4646-BB8E-CFFCCFA98746}.Debug|Any CPU.ActiveCfg = Debug|Any CPU
		{FD1A1951-1703-4646-BB8E-CFFCCFA98746}.Debug|Any CPU.Build.0 = Debug|Any CPU
		{FD1A1951-1703-4646-BB8E-CFFCCFA98746}.Release|Any CPU.ActiveCfg = Release|Any CPU
		{FD1A1951-1703-4646-BB8E-CFFCCFA98746}.Release|Any CPU.Build.0 = Release|Any CPU
		{C96FC756-0427-4968-8F73-3670C4AA1E52}.Debug|Any CPU.ActiveCfg = Debug|Any CPU
		{C96FC756-0427-4968-8F73-3670C4AA1E52}.Debug|Any CPU.Build.0 = Debug|Any CPU
		{C96FC756-0427-4968-8F73-3670C4AA1E52}.Release|Any CPU.ActiveCfg = Release|Any CPU
		{C96FC756-0427-4968-8F73-3670C4AA1E52}.Release|Any CPU.Build.0 = Release|Any CPU
		{0DC76691-F35C-4287-AD7A-AF058251DB34}.Debug|Any CPU.ActiveCfg = Debug|Any CPU
		{0DC76691-F35C-4287-AD7A-AF058251DB34}.Debug|Any CPU.Build.0 = Debug|Any CPU
		{0DC76691-F35C-4287-AD7A-AF058251DB34}.Release|Any CPU.ActiveCfg = Release|Any CPU
		{0DC76691-F35C-4287-AD7A-AF058251DB34}.Release|Any CPU.Build.0 = Release|Any CPU
	EndGlobalSection
	GlobalSection(SolutionProperties) = preSolution
		HideSolutionNode = FALSE
	EndGlobalSection
	GlobalSection(ExtensibilityGlobals) = postSolution
		SolutionGuid = {5E924FA7-F122-40E7-9BEE-547574DB2237}
	EndGlobalSection
EndGlobal
